
Microsoft Visual Studio Solution File, Format Version 12.00
# Visual Studio Version 16
VisualStudioVersion = 16.0.33027.164
MinimumVisualStudioVersion = 10.0.40219.1
Project("{FAE04EC0-301F-11D3-BF4B-00C04F79EFBC}") = "HeapSort", "HeapSort\HeapSort.csproj", "{6B32A61C-150D-489B-A2DB-90FB1801D51B}"
EndProject
Global
	GlobalSection(SolutionConfigurationPlatforms) = preSolution
		Debug|Any CPU = Debug|Any CPU
		Release|Any CPU = Release|Any CPU
	EndGlobalSection
	GlobalSection(ProjectConfigurationPlatforms) = postSolution
		{6B32A61C-150D-489B-A2DB-90FB1801D51B}.Debug|Any CPU.ActiveCfg = Debug|Any CPU
		{6B32A61C-150D-489B-A2DB-90FB1801D51B}.Debug|Any CPU.Build.0 = Debug|Any CPU
		{6B32A61C-150D-489B-A2DB-90FB1801D51B}.Release|Any CPU.ActiveCfg = Release|Any CPU
		{6B32A61C-150D-489B-A2DB-90FB1801D51B}.Release|Any CPU.Build.0 = Release|Any CPU
	EndGlobalSection
	GlobalSection(SolutionProperties) = preSolution
		HideSolutionNode = FALSE
	EndGlobalSection
	GlobalSection(ExtensibilityGlobals) = postSolution
		SolutionGuid = {B8D6F0B8-615F-435F-AD02-0E5841014B88}
	EndGlobalSection
EndGlobal
